{
  "name": "vulcanary-admission-e2e",
  "version": "0.0.0",
  "lockfileVersion": 3,
  "requires": true,
  "packages": {
    "": {
      "name": "vulcanary-admission-e2e",
      "version": "0.0.0",
      "dependencies": {
        "vulcanary-e2e-denied": "1.0.0"
      }
    },
    "node_modules/vulcanary-e2e-denied": {
      "version": "1.0.0",
      "resolved": "https://registry.npmjs.org/vulcanary-e2e-denied/-/vulcanary-e2e-denied-1.0.0.tgz"
    }
  }
}
